// !$*UTF8*$!
{
	archiveVersion = 1;
	classes = {
	};
	objectVersion = 46;
	objects = {

/* Begin PBXBuildFile section */
		7B23E9831717B0DE002700F3 /* main.cpp in Sources */ = {isa = PBXBuildFile; fileRef = 7B23E9821717B0DE002700F3 /* main.cpp */; };
		7B23E9851717B0DE002700F3 /* ExcelParser.1 in CopyFiles */ = {isa = PBXBuildFile; fileRef = 7B23E9841717B0DE002700F3 /* ExcelParser.1 */; };
		7B8BCBD9173BEEDF00801DD2 /* parser.cpp in Sources */ = {isa = PBXBuildFile; fileRef = 7B8BCBD7173BEEDF00801DD2 /* parser.cpp */; };
		7B8BCBDC173BEF2900801DD2 /* evaluator.cpp in Sources */ = {isa = PBXBuildFile; fileRef = 7B8BCBDA173BEF2900801DD2 /* evaluator.cpp */; };
		7B8BCBDF173C112E00801DD2 /* eval.cpp in Sources */ = {isa = PBXBuildFile; fileRef = 7B8BCBDD173C112E00801DD2 /* eval.cpp */; };
/* End PBXBuildFile section */

/* Begin PBXCopyFilesBuildPhase section */
		7B23E97D1717B0DE002700F3 /* CopyFiles */ = {
			isa = PBXCopyFilesBuildPhase;
			buildActionMask = 2147483647;
			dstPath = /usr/share/man/man1/;
			dstSubfolderSpec = 0;
			files = (
				7B23E9851717B0DE002700F3 /* ExcelParser.1 in CopyFiles */,
			);
			runOnlyForDeploymentPostprocessing = 1;
		};
/* End PBXCopyFilesBuildPhase section */

/* Begin PBXFileReference section */
		7B23E97F1717B0DE002700F3 /* ExcelParser */ = {isa = PBXFileReference; explicitFileType = "compiled.mach-o.executable"; includeInIndex = 0; path = ExcelParser; sourceTree = BUILT_PRODUCTS_DIR; };
		7B23E9821717B0DE002700F3 /* main.cpp */ = {isa = PBXFileReference; lastKnownFileType = sourcecode.cpp.cpp; path = main.cpp; sourceTree = "<group>"; };
		7B23E9841717B0DE002700F3 /* ExcelParser.1 */ = {isa = PBXFileReference; lastKnownFileType = text.man; path = ExcelParser.1; sourceTree = "<group>"; };
		7B8BCBD7173BEEDF00801DD2 /* parser.cpp */ = {isa = PBXFileReference; fileEncoding = 4; lastKnownFileType = sourcecode.cpp.cpp; path = parser.cpp; sourceTree = "<group>"; };
		7B8BCBD8173BEEDF00801DD2 /* parser.h */ = {isa = PBXFileReference; fileEncoding = 4; lastKnownFileType = sourcecode.c.h; path = parser.h; sourceTree = "<group>"; };
		7B8BCBDA173BEF2900801DD2 /* evaluator.cpp */ = {isa = PBXFileReference; fileEncoding = 4; lastKnownFileType = sourcecode.cpp.cpp; path = evaluator.cpp; sourceTree = "<group>"; };
		7B8BCBDB173BEF2900801DD2 /* evaluator.h */ = {isa = PBXFileReference; fileEncoding = 4; lastKnownFileType = sourcecode.c.h; path = evaluator.h; sourceTree = "<group>"; };
		7B8BCBDD173C112E00801DD2 /* eval.cpp */ = {isa = PBXFileReference; fileEncoding = 4; lastKnownFileType = sourcecode.cpp.cpp; path = eval.cpp; sourceTree = "<group>"; };
		7B8BCBDE173C112E00801DD2 /* eval.h */ = {isa = PBXFileReference; fileEncoding = 4; lastKnownFileType = sourcecode.c.h; path = eval.h; sourceTree = "<group>"; };
/* End PBXFileReference section */

/* Begin PBXFrameworksBuildPhase section */
		7B23E97C1717B0DE002700F3 /* Frameworks */ = {
			isa = PBXFrameworksBuildPhase;
			buildActionMask = 2147483647;
			files = (
			);
			runOnlyForDeploymentPostprocessing = 0;
		};
/* End PBXFrameworksBuildPhase section */

/* Begin PBXGroup section */
		7B23E9761717B0DE002700F3 = {
			isa = PBXGroup;
			children = (
				7B23E9811717B0DE002700F3 /* ExcelParser */,
				7B23E9801717B0DE002700F3 /* Products */,
			);
			sourceTree = "<group>";
		};
		7B23E9801717B0DE002700F3 /* Products */ = {
			isa = PBXGroup;
			children = (
				7B23E97F1717B0DE002700F3 /* ExcelParser */,
			);
			name = Products;
			sourceTree = "<group>";
		};
		7B23E9811717B0DE002700F3 /* ExcelParser */ = {
			isa = PBXGroup;
			children = (
				7B23E9821717B0DE002700F3 /* main.cpp */,
				7B8BCBDD173C112E00801DD2 /* eval.cpp */,
				7B8BCBDE173C112E00801DD2 /* eval.h */,
				7B8BCBD7173BEEDF00801DD2 /* parser.cpp */,
				7B8BCBD8173BEEDF00801DD2 /* parser.h */,
				7B23E9841717B0DE002700F3 /* ExcelParser.1 */,
				7B8BCBDA173BEF2900801DD2 /* evaluator.cpp */,
				7B8BCBDB173BEF2900801DD2 /* evaluator.h */,
			);
			path = ExcelParser;
			sourceTree = "<group>";
		};
/* End PBXGroup section */

/* Begin PBXNativeTarget section */
		7B23E97E1717B0DE002700F3 /* ExcelParser */ = {
			isa = PBXNativeTarget;
			buildConfigurationList = 7B23E9881717B0DE002700F3 /* Build configuration list for PBXNativeTarget "ExcelParser" */;
			buildPhases = (
				7B23E97B1717B0DE002700F3 /* Sources */,
				7B23E97C1717B0DE002700F3 /* Frameworks */,
				7B23E97D1717B0DE002700F3 /* CopyFiles */,
			);
			buildRules = (
			);
			dependencies = (
			);
			name = ExcelParser;
			productName = ExcelParser;
			productReference = 7B23E97F1717B0DE002700F3 /* ExcelParser */;
			productType = "com.apple.product-type.tool";
		};
/* End PBXNativeTarget section */

/* Begin PBXProject section */
		7B23E9771717B0DE002700F3 /* Project object */ = {
			isa = PBXProject;
			attributes = {
				LastUpgradeCheck = 0460;
				ORGANIZATIONNAME = "CS-UNSA";
			};
			buildConfigurationList = 7B23E97A1717B0DE002700F3 /* Build configuration list for PBXProject "ExcelParser" */;
			compatibilityVersion = "Xcode 3.2";
			developmentRegion = English;
			hasScannedForEncodings = 0;
			knownRegions = (
				en,
			);
			mainGroup = 7B23E9761717B0DE002700F3;
			productRefGroup = 7B23E9801717B0DE002700F3 /* Products */;
			projectDirPath = "";
			projectRoot = "";
			targets = (
				7B23E97E1717B0DE002700F3 /* ExcelParser */,
			);
		};
/* End PBXProject section */

/* Begin PBXSourcesBuildPhase section */
		7B23E97B1717B0DE002700F3 /* Sources */ = {
			isa = PBXSourcesBuildPhase;
			buildActionMask = 2147483647;
			files = (
				7B23E9831717B0DE002700F3 /* main.cpp in Sources */,
				7B8BCBD9173BEEDF00801DD2 /* parser.cpp in Sources */,
				7B8BCBDC173BEF2900801DD2 /* evaluator.cpp in Sources */,
				7B8BCBDF173C112E00801DD2 /* eval.cpp in Sources */,
			);
			runOnlyForDeploymentPostprocessing = 0;
		};
/* End PBXSourcesBuildPhase section */

/* Begin XCBuildConfiguration section */
		7B23E9861717B0DE002700F3 /* Debug */ = {
			isa = XCBuildConfiguration;
			buildSettings = {
				ALWAYS_SEARCH_USER_PATHS = NO;
				ARCHS = "$(ARCHS_STANDARD_64_BIT)";
				CLANG_CXX_LANGUAGE_STANDARD = "gnu++0x";
				CLANG_CXX_LIBRARY = "libc++";
				CLANG_WARN_CONSTANT_CONVERSION = YES;
				CLANG_WARN_EMPTY_BODY = YES;
				CLANG_WARN_ENUM_CONVERSION = YES;
				CLANG_WARN_INT_CONVERSION = YES;
				CLANG_WARN__DUPLICATE_METHOD_MATCH = YES;
				COPY_PHASE_STRIP = NO;
				GCC_C_LANGUAGE_STANDARD = gnu99;
				GCC_DYNAMIC_NO_PIC = NO;
				GCC_ENABLE_OBJC_EXCEPTIONS = YES;
				GCC_OPTIMIZATION_LEVEL = 0;
				GCC_PREPROCESSOR_DEFINITIONS = (
					"DEBUG=1",
					"$(inherited)",
				);
				GCC_SYMBOLS_PRIVATE_EXTERN = NO;
				GCC_WARN_64_TO_32_BIT_CONVERSION = YES;
				GCC_WARN_ABOUT_RETURN_TYPE = YES;
				GCC_WARN_UNINITIALIZED_AUTOS = YES;
				GCC_WARN_UNUSED_VARIABLE = YES;
				MACOSX_DEPLOYMENT_TARGET = 10.8;
				ONLY_ACTIVE_ARCH = YES;
				SDKROOT = macosx;
			};
			name = Debug;
		};
		7B23E9871717B0DE002700F3 /* Release */ = {
			isa = XCBuildConfiguration;
			buildSettings = {
				ALWAYS_SEARCH_USER_PATHS = NO;
				ARCHS = "$(ARCHS_STANDARD_64_BIT)";
				CLANG_CXX_LANGUAGE_STANDARD = "gnu++0x";
				CLANG_CXX_LIBRARY = "libc++";
				CLANG_WARN_CONSTANT_CONVERSION = YES;
				CLANG_WARN_EMPTY_BODY = YES;
				CLANG_WARN_ENUM_CONVERSION = YES;
				CLANG_WARN_INT_CONVERSION = YES;
				CLANG_WARN__DUPLICATE_METHOD_MATCH = YES;
				COPY_PHASE_STRIP = YES;
				DEBUG_INFORMATION_FORMAT = "dwarf-with-dsym";
				GCC_C_LANGUAGE_STANDARD = gnu99;
				GCC_ENABLE_OBJC_EXCEPTIONS = YES;
				GCC_WARN_64_TO_32_BIT_CONVERSION = YES;
				GCC_WARN_ABOUT_RETURN_TYPE = YES;
				GCC_WARN_UNINITIALIZED_AUTOS = YES;
				GCC_WARN_UNUSED_VARIABLE = YES;
				MACOSX_DEPLOYMENT_TARGET = 10.8;
				SDKROOT = macosx;
			};
			name = Release;
		};
		7B23E9891717B0DE002700F3 /* Debug */ = {
			isa = XCBuildConfiguration;
			buildSettings = {
				PRODUCT_NAME = "$(TARGET_NAME)";
			};
			name = Debug;
		};
		7B23E98A1717B0DE002700F3 /* Release */ = {
			isa = XCBuildConfiguration;
			buildSettings = {
				PRODUCT_NAME = "$(TARGET_NAME)";
			};
			name = Release;
		};
/* End XCBuildConfiguration section */

/* Begin XCConfigurationList section */
		7B23E97A1717B0DE002700F3 /* Build configuration list for PBXProject "ExcelParser" */ = {
			isa = XCConfigurationList;
			buildConfigurations = (
				7B23E9861717B0DE002700F3 /* Debug */,
				7B23E9871717B0DE002700F3 /* Release */,
			);
			defaultConfigurationIsVisible = 0;
			defaultConfigurationName = Release;
		};
		7B23E9881717B0DE002700F3 /* Build configuration list for PBXNativeTarget "ExcelParser" */ = {
			isa = XCConfigurationList;
			buildConfigurations = (
				7B23E9891717B0DE002700F3 /* Debug */,
				7B23E98A1717B0DE002700F3 /* Release */,
			);
			defaultConfigurationIsVisible = 0;
			defaultConfigurationName = Release;
		};
/* End XCConfigurationList section */
	};
	rootObject = 7B23E9771717B0DE002700F3 /* Project object */;
}
